
Microsoft Visual Studio Solution File, Format Version 12.00
# Visual Studio 15
VisualStudioVersion = 15.0.27924.0
MinimumVisualStudioVersion = 10.0.40219.1
Project("{F2A71F9B-5D33-465A-A702-920D77279786}") = "MemriseScraper", "MemriseScraper\MemriseScraper.fsproj", "{D43BB901-D317-4130-9649-FD4DE74710E1}"
EndProject
Global
	GlobalSection(SolutionConfigurationPlatforms) = preSolution
		Debug|Any CPU = Debug|Any CPU
		Release|Any CPU = Release|Any CPU
	EndGlobalSection
	GlobalSection(ProjectConfigurationPlatforms) = postSolution
		{D43BB901-D317-4130-9649-FD4DE74710E1}.Debug|Any CPU.ActiveCfg = Debug|Any CPU
		{D43BB901-D317-4130-9649-FD4DE74710E1}.Debug|Any CPU.Build.0 = Debug|Any CPU
		{D43BB901-D317-4130-9649-FD4DE74710E1}.Release|Any CPU.ActiveCfg = Release|Any CPU
		{D43BB901-D317-4130-9649-FD4DE74710E1}.Release|Any CPU.Build.0 = Release|Any CPU
	EndGlobalSection
	GlobalSection(SolutionProperties) = preSolution
		HideSolutionNode = FALSE
	EndGlobalSection
	GlobalSection(ExtensibilityGlobals) = postSolution
		SolutionGuid = {D454767D-1EFF-42B6-B113-FDCFBDAE870B}
	EndGlobalSection
EndGlobal
